
Microsoft Visual Studio Solution File, Format Version 12.00
# Visual Studio Version 17
VisualStudioVersion = 17.12.35707.178
MinimumVisualStudioVersion = 10.0.40219.1
Project("{FAE04EC0-301F-11D3-BF4B-00C04F79EFBC}") = "Domain", "Domain\Domain.csproj", "{FCD679D2-32E5-4047-91E3-297A0E248885}"
EndProject
Project("{FAE04EC0-301F-11D3-BF4B-00C04F79EFBC}") = "BusinessLogic", "BusinessLogic\BusinessLogic.csproj", "{0CF57C76-49AA-4BB1-B864-6518BB7F0420}"
EndProject
Project("{FAE04EC0-301F-11D3-BF4B-00C04F79EFBC}") = "DataAccess", "DataAccess\DataAccess.csproj", "{C9CEDC00-4981-4945-B586-6EE9AD32E024}"
EndProject
Project("{FAE04EC0-301F-11D3-BF4B-00C04F79EFBC}") = "Api", "Api\Api.csproj", "{4A080A40-FB0A-459F-BB90-592C124B690A}"
EndProject
Project("{FAE04EC0-301F-11D3-BF4B-00C04F79EFBC}") = "Presentation", "Presentation\Presentation\Presentation.csproj", "{F63CBFAC-32D9-46B0-AE95-8580AA357776}"
EndProject
Project("{FAE04EC0-301F-11D3-BF4B-00C04F79EFBC}") = "Presentation.Client", "Presentation\Presentation.Client\Presentation.Client.csproj", "{D5E7F9C5-993E-425B-8248-8B626044110D}"
EndProject
Global
	GlobalSection(SolutionConfigurationPlatforms) = preSolution
		Debug|Any CPU = Debug|Any CPU
		Release|Any CPU = Release|Any CPU
	EndGlobalSection
	GlobalSection(ProjectConfigurationPlatforms) = postSolution
		{FCD679D2-32E5-4047-91E3-297A0E248885}.Debug|Any CPU.ActiveCfg = Debug|Any CPU
		{FCD679D2-32E5-4047-91E3-297A0E248885}.Debug|Any CPU.Build.0 = Debug|Any CPU
		{FCD679D2-32E5-4047-91E3-297A0E248885}.Release|Any CPU.ActiveCfg = Release|Any CPU
		{FCD679D2-32E5-4047-91E3-297A0E248885}.Release|Any CPU.Build.0 = Release|Any CPU
		{0CF57C76-49AA-4BB1-B864-6518BB7F0420}.Debug|Any CPU.ActiveCfg = Debug|Any CPU
		{0CF57C76-49AA-4BB1-B864-6518BB7F0420}.Debug|Any CPU.Build.0 = Debug|Any CPU
		{0CF57C76-49AA-4BB1-B864-6518BB7F0420}.Release|Any CPU.ActiveCfg = Release|Any CPU
		{0CF57C76-49AA-4BB1-B864-6518BB7F0420}.Release|Any CPU.Build.0 = Release|Any CPU
		{C9CEDC00-4981-4945-B586-6EE9AD32E024}.Debug|Any CPU.ActiveCfg = Debug|Any CPU
		{C9CEDC00-4981-4945-B586-6EE9AD32E024}.Debug|Any CPU.Build.0 = Debug|Any CPU
		{C9CEDC00-4981-4945-B586-6EE9AD32E024}.Release|Any CPU.ActiveCfg = Release|Any CPU
		{C9CEDC00-4981-4945-B586-6EE9AD32E024}.Release|Any CPU.Build.0 = Release|Any CPU
		{4A080A40-FB0A-459F-BB90-592C124B690A}.Debug|Any CPU.ActiveCfg = Debug|Any CPU
		{4A080A40-FB0A-459F-BB90-592C124B690A}.Debug|Any CPU.Build.0 = Debug|Any CPU
		{4A080A40-FB0A-459F-BB90-592C124B690A}.Release|Any CPU.ActiveCfg = Release|Any CPU
		{4A080A40-FB0A-459F-BB90-592C124B690A}.Release|Any CPU.Build.0 = Release|Any CPU
		{F63CBFAC-32D9-46B0-AE95-8580AA357776}.Debug|Any CPU.ActiveCfg = Debug|Any CPU
		{F63CBFAC-32D9-46B0-AE95-8580AA357776}.Debug|Any CPU.Build.0 = Debug|Any CPU
		{F63CBFAC-32D9-46B0-AE95-8580AA357776}.Release|Any CPU.ActiveCfg = Release|Any CPU
		{F63CBFAC-32D9-46B0-AE95-8580AA357776}.Release|Any CPU.Build.0 = Release|Any CPU
		{D5E7F9C5-993E-425B-8248-8B626044110D}.Debug|Any CPU.ActiveCfg = Debug|Any CPU
		{D5E7F9C5-993E-425B-8248-8B626044110D}.Debug|Any CPU.Build.0 = Debug|Any CPU
		{D5E7F9C5-993E-425B-8248-8B626044110D}.Release|Any CPU.ActiveCfg = Release|Any CPU
		{D5E7F9C5-993E-425B-8248-8B626044110D}.Release|Any CPU.Build.0 = Release|Any CPU
	EndGlobalSection
	GlobalSection(SolutionProperties) = preSolution
		HideSolutionNode = FALSE
	EndGlobalSection
EndGlobal
